
Microsoft Visual Studio Solution File, Format Version 12.00
# Visual Studio Version 16
VisualStudioVersion = 16.0.30611.23
MinimumVisualStudioVersion = 10.0.40219.1
Project("{FAE04EC0-301F-11D3-BF4B-00C04F79EFBC}") = "HiGithubPackage", "HiGithubPackage.csproj", "{A15265F2-B9D5-4D5E-9034-FEB6113FF9DB}"
EndProject
Global
	GlobalSection(SolutionConfigurationPlatforms) = preSolution
		Debug|Any CPU = Debug|Any CPU
		Release|Any CPU = Release|Any CPU
	EndGlobalSection
	GlobalSection(ProjectConfigurationPlatforms) = postSolution
		{A15265F2-B9D5-4D5E-9034-FEB6113FF9DB}.Debug|Any CPU.ActiveCfg = Debug|Any CPU
		{A15265F2-B9D5-4D5E-9034-FEB6113FF9DB}.Debug|Any CPU.Build.0 = Debug|Any CPU
		{A15265F2-B9D5-4D5E-9034-FEB6113FF9DB}.Release|Any CPU.ActiveCfg = Release|Any CPU
		{A15265F2-B9D5-4D5E-9034-FEB6113FF9DB}.Release|Any CPU.Build.0 = Release|Any CPU
	EndGlobalSection
	GlobalSection(SolutionProperties) = preSolution
		HideSolutionNode = FALSE
	EndGlobalSection
	GlobalSection(ExtensibilityGlobals) = postSolution
		SolutionGuid = {E8A53613-B73F-40C4-8640-A7327D4F62CD}
	EndGlobalSection
EndGlobal
